
Microsoft Visual Studio Solution File, Format Version 12.00
# Visual Studio Version 16
VisualStudioVersion = 16.0.31005.135
MinimumVisualStudioVersion = 10.0.40219.1
Project("{2150E333-8FDC-42A3-9474-1A3956D46DE8}") = "src", "src", "{6B5B8217-92DA-4FDA-90F7-4B1915508B9E}"
EndProject
Project("{2150E333-8FDC-42A3-9474-1A3956D46DE8}") = "Building Blocks", "Building Blocks", "{4C4D0729-E385-45FF-9DAB-22E86C73F88D}"
EndProject
Project("{2150E333-8FDC-42A3-9474-1A3956D46DE8}") = "Services", "Services", "{C9DD7D2B-4CCB-42AD-9D8F-12D26EB69C44}"
EndProject
Project("{2150E333-8FDC-42A3-9474-1A3956D46DE8}") = "Web", "Web", "{F3A8B415-60D2-49A6-BF7B-12EE746E80F0}"
EndProject
Project("{2150E333-8FDC-42A3-9474-1A3956D46DE8}") = "Identidade", "Identidade", "{28593B4E-0C01-472E-8128-99CBC7F331CF}"
EndProject
Project("{9A19103F-16F7-4668-BE54-9A1E7A4F7556}") = "Identidade.API", "src\services\Identidade.API\Identidade.API.csproj", "{E80FE622-E20B-45F2-8593-9D67F0A08274}"
EndProject
Project("{2150E333-8FDC-42A3-9474-1A3956D46DE8}") = "MVC", "MVC", "{B0615BCA-31A7-4D58-9C73-A90AD9BECF96}"
EndProject
Project("{9A19103F-16F7-4668-BE54-9A1E7A4F7556}") = "WebApp.MVC", "src\web\WebApp.MVC\WebApp.MVC.csproj", "{15EB8B36-E749-42F7-933B-92D33A13825F}"
EndProject
Project("{2150E333-8FDC-42A3-9474-1A3956D46DE8}") = "Carriho", "Carriho", "{687638F1-9CEA-4447-8F03-569E3865263F}"
EndProject
Project("{9A19103F-16F7-4668-BE54-9A1E7A4F7556}") = "Carrinho.API", "src\services\Carrinho.API\Carrinho.API.csproj", "{D647835D-A2C5-4945-AB76-D7B0A9D77AC1}"
EndProject
Project("{2150E333-8FDC-42A3-9474-1A3956D46DE8}") = "Catalogo", "Catalogo", "{AC8191FC-74A6-47A7-B6EA-5E649672C50F}"
EndProject
Project("{9A19103F-16F7-4668-BE54-9A1E7A4F7556}") = "Catalogo.API", "src\services\Catalogo.API\Catalogo.API.csproj", "{24A93EFD-2466-454E-B14F-5E6F2C90884A}"
EndProject
Project("{2150E333-8FDC-42A3-9474-1A3956D46DE8}") = "Cliente", "Cliente", "{C540CD7C-4971-44CF-A466-3238DF71494F}"
EndProject
Project("{9A19103F-16F7-4668-BE54-9A1E7A4F7556}") = "Cliente.API", "src\services\Cliente.API\Cliente.API.csproj", "{851347AA-2EB1-4941-A640-AD133C1F1979}"
EndProject
Project("{2150E333-8FDC-42A3-9474-1A3956D46DE8}") = "Pagamento", "Pagamento", "{3B9F11C7-BB2D-446F-915F-4AC24985F5DD}"
EndProject
Project("{9A19103F-16F7-4668-BE54-9A1E7A4F7556}") = "Pagamento.API", "src\services\Pagamento.API\Pagamento.API.csproj", "{7EFFE5EC-8CA4-46CE-A08D-F1D0E7C4AC36}"
EndProject
Project("{2150E333-8FDC-42A3-9474-1A3956D46DE8}") = "Pedido", "Pedido", "{B40944F7-44C7-46E4-9D80-9AE42E0E1B91}"
EndProject
Project("{9A19103F-16F7-4668-BE54-9A1E7A4F7556}") = "Pedido.API", "src\services\Pedido.API\Pedido.API.csproj", "{A2A40FBF-FE78-470E-9C0D-91F170F6EEDB}"
EndProject
Project("{9A19103F-16F7-4668-BE54-9A1E7A4F7556}") = "NSE.Core", "src\building blocks\NSE.Core\NSE.Core.csproj", "{F1299457-9B25-4F8A-A8E2-038D76F44F4C}"
EndProject
Project("{2150E333-8FDC-42A3-9474-1A3956D46DE8}") = "Core", "Core", "{E1A743FF-9DD6-4ACE-A4E6-111315CD4D1A}"
	ProjectSection(SolutionItems) = preProject
		src\building blocks\NSE.MessageBus\NSE.MessageBus.csproj = src\building blocks\NSE.MessageBus\NSE.MessageBus.csproj
	EndProjectSection
EndProject
Project("{2150E333-8FDC-42A3-9474-1A3956D46DE8}") = "Services", "Services", "{402E0FF5-7854-46AB-B887-1938BF39B6F7}"
EndProject
Project("{9A19103F-16F7-4668-BE54-9A1E7A4F7556}") = "NSE.WebAPI.Core", "src\building blocks\NSE.WebAPI.Core\NSE.WebAPI.Core.csproj", "{7C6DA1CB-8758-4055-9287-785C0D6E3A21}"
EndProject
Project("{2150E333-8FDC-42A3-9474-1A3956D46DE8}") = "MessageBus", "MessageBus", "{90F2AB1E-1918-4D5C-AE27-6D73F0BCDD6F}"
EndProject
Project("{FAE04EC0-301F-11D3-BF4B-00C04F79EFBC}") = "NSE.MessageBus", "src\building blocks\NSE.MessageBus\NSE.MessageBus.csproj", "{81B095BE-F91C-4CED-AC02-011E98964C7E}"
EndProject
Global
	GlobalSection(SolutionConfigurationPlatforms) = preSolution
		Debug|Any CPU = Debug|Any CPU
		Release|Any CPU = Release|Any CPU
	EndGlobalSection
	GlobalSection(ProjectConfigurationPlatforms) = postSolution
		{E80FE622-E20B-45F2-8593-9D67F0A08274}.Debug|Any CPU.ActiveCfg = Debug|Any CPU
		{E80FE622-E20B-45F2-8593-9D67F0A08274}.Debug|Any CPU.Build.0 = Debug|Any CPU
		{E80FE622-E20B-45F2-8593-9D67F0A08274}.Release|Any CPU.ActiveCfg = Release|Any CPU
		{E80FE622-E20B-45F2-8593-9D67F0A08274}.Release|Any CPU.Build.0 = Release|Any CPU
		{15EB8B36-E749-42F7-933B-92D33A13825F}.Debug|Any CPU.ActiveCfg = Debug|Any CPU
		{15EB8B36-E749-42F7-933B-92D33A13825F}.Debug|Any CPU.Build.0 = Debug|Any CPU
		{15EB8B36-E749-42F7-933B-92D33A13825F}.Release|Any CPU.ActiveCfg = Release|Any CPU
		{15EB8B36-E749-42F7-933B-92D33A13825F}.Release|Any CPU.Build.0 = Release|Any CPU
		{D647835D-A2C5-4945-AB76-D7B0A9D77AC1}.Debug|Any CPU.ActiveCfg = Debug|Any CPU
		{D647835D-A2C5-4945-AB76-D7B0A9D77AC1}.Debug|Any CPU.Build.0 = Debug|Any CPU
		{D647835D-A2C5-4945-AB76-D7B0A9D77AC1}.Release|Any CPU.ActiveCfg = Release|Any CPU
		{D647835D-A2C5-4945-AB76-D7B0A9D77AC1}.Release|Any CPU.Build.0 = Release|Any CPU
		{24A93EFD-2466-454E-B14F-5E6F2C90884A}.Debug|Any CPU.ActiveCfg = Debug|Any CPU
		{24A93EFD-2466-454E-B14F-5E6F2C90884A}.Debug|Any CPU.Build.0 = Debug|Any CPU
		{24A93EFD-2466-454E-B14F-5E6F2C90884A}.Release|Any CPU.ActiveCfg = Release|Any CPU
		{24A93EFD-2466-454E-B14F-5E6F2C90884A}.Release|Any CPU.Build.0 = Release|Any CPU
		{851347AA-2EB1-4941-A640-AD133C1F1979}.Debug|Any CPU.ActiveCfg = Debug|Any CPU
		{851347AA-2EB1-4941-A640-AD133C1F1979}.Debug|Any CPU.Build.0 = Debug|Any CPU
		{851347AA-2EB1-4941-A640-AD133C1F1979}.Release|Any CPU.ActiveCfg = Release|Any CPU
		{851347AA-2EB1-4941-A640-AD133C1F1979}.Release|Any CPU.Build.0 = Release|Any CPU
		{7EFFE5EC-8CA4-46CE-A08D-F1D0E7C4AC36}.Debug|Any CPU.ActiveCfg = Debug|Any CPU
		{7EFFE5EC-8CA4-46CE-A08D-F1D0E7C4AC36}.Debug|Any CPU.Build.0 = Debug|Any CPU
		{7EFFE5EC-8CA4-46CE-A08D-F1D0E7C4AC36}.Release|Any CPU.ActiveCfg = Release|Any CPU
		{7EFFE5EC-8CA4-46CE-A08D-F1D0E7C4AC36}.Release|Any CPU.Build.0 = Release|Any CPU
		{A2A40FBF-FE78-470E-9C0D-91F170F6EEDB}.Debug|Any CPU.ActiveCfg = Debug|Any CPU
		{A2A40FBF-FE78-470E-9C0D-91F170F6EEDB}.Debug|Any CPU.Build.0 = Debug|Any CPU
		{A2A40FBF-FE78-470E-9C0D-91F170F6EEDB}.Release|Any CPU.ActiveCfg = Release|Any CPU
		{A2A40FBF-FE78-470E-9C0D-91F170F6EEDB}.Release|Any CPU.Build.0 = Release|Any CPU
		{F1299457-9B25-4F8A-A8E2-038D76F44F4C}.Debug|Any CPU.ActiveCfg = Debug|Any CPU
		{F1299457-9B25-4F8A-A8E2-038D76F44F4C}.Debug|Any CPU.Build.0 = Debug|Any CPU
		{F1299457-9B25-4F8A-A8E2-038D76F44F4C}.Release|Any CPU.ActiveCfg = Release|Any CPU
		{F1299457-9B25-4F8A-A8E2-038D76F44F4C}.Release|Any CPU.Build.0 = Release|Any CPU
		{7C6DA1CB-8758-4055-9287-785C0D6E3A21}.Debug|Any CPU.ActiveCfg = Debug|Any CPU
		{7C6DA1CB-8758-4055-9287-785C0D6E3A21}.Debug|Any CPU.Build.0 = Debug|Any CPU
		{7C6DA1CB-8758-4055-9287-785C0D6E3A21}.Release|Any CPU.ActiveCfg = Release|Any CPU
		{7C6DA1CB-8758-4055-9287-785C0D6E3A21}.Release|Any CPU.Build.0 = Release|Any CPU
		{81B095BE-F91C-4CED-AC02-011E98964C7E}.Debug|Any CPU.ActiveCfg = Debug|Any CPU
		{81B095BE-F91C-4CED-AC02-011E98964C7E}.Debug|Any CPU.Build.0 = Debug|Any CPU
		{81B095BE-F91C-4CED-AC02-011E98964C7E}.Release|Any CPU.ActiveCfg = Release|Any CPU
		{81B095BE-F91C-4CED-AC02-011E98964C7E}.Release|Any CPU.Build.0 = Release|Any CPU
	EndGlobalSection
	GlobalSection(SolutionProperties) = preSolution
		HideSolutionNode = FALSE
	EndGlobalSection
	GlobalSection(NestedProjects) = preSolution
		{4C4D0729-E385-45FF-9DAB-22E86C73F88D} = {6B5B8217-92DA-4FDA-90F7-4B1915508B9E}
		{C9DD7D2B-4CCB-42AD-9D8F-12D26EB69C44} = {6B5B8217-92DA-4FDA-90F7-4B1915508B9E}
		{F3A8B415-60D2-49A6-BF7B-12EE746E80F0} = {6B5B8217-92DA-4FDA-90F7-4B1915508B9E}
		{28593B4E-0C01-472E-8128-99CBC7F331CF} = {C9DD7D2B-4CCB-42AD-9D8F-12D26EB69C44}
		{E80FE622-E20B-45F2-8593-9D67F0A08274} = {28593B4E-0C01-472E-8128-99CBC7F331CF}
		{B0615BCA-31A7-4D58-9C73-A90AD9BECF96} = {F3A8B415-60D2-49A6-BF7B-12EE746E80F0}
		{15EB8B36-E749-42F7-933B-92D33A13825F} = {B0615BCA-31A7-4D58-9C73-A90AD9BECF96}
		{687638F1-9CEA-4447-8F03-569E3865263F} = {C9DD7D2B-4CCB-42AD-9D8F-12D26EB69C44}
		{D647835D-A2C5-4945-AB76-D7B0A9D77AC1} = {687638F1-9CEA-4447-8F03-569E3865263F}
		{AC8191FC-74A6-47A7-B6EA-5E649672C50F} = {C9DD7D2B-4CCB-42AD-9D8F-12D26EB69C44}
		{24A93EFD-2466-454E-B14F-5E6F2C90884A} = {AC8191FC-74A6-47A7-B6EA-5E649672C50F}
		{C540CD7C-4971-44CF-A466-3238DF71494F} = {C9DD7D2B-4CCB-42AD-9D8F-12D26EB69C44}
		{851347AA-2EB1-4941-A640-AD133C1F1979} = {C540CD7C-4971-44CF-A466-3238DF71494F}
		{3B9F11C7-BB2D-446F-915F-4AC24985F5DD} = {C9DD7D2B-4CCB-42AD-9D8F-12D26EB69C44}
		{7EFFE5EC-8CA4-46CE-A08D-F1D0E7C4AC36} = {3B9F11C7-BB2D-446F-915F-4AC24985F5DD}
		{B40944F7-44C7-46E4-9D80-9AE42E0E1B91} = {C9DD7D2B-4CCB-42AD-9D8F-12D26EB69C44}
		{A2A40FBF-FE78-470E-9C0D-91F170F6EEDB} = {B40944F7-44C7-46E4-9D80-9AE42E0E1B91}
		{F1299457-9B25-4F8A-A8E2-038D76F44F4C} = {E1A743FF-9DD6-4ACE-A4E6-111315CD4D1A}
		{E1A743FF-9DD6-4ACE-A4E6-111315CD4D1A} = {4C4D0729-E385-45FF-9DAB-22E86C73F88D}
		{402E0FF5-7854-46AB-B887-1938BF39B6F7} = {4C4D0729-E385-45FF-9DAB-22E86C73F88D}
		{7C6DA1CB-8758-4055-9287-785C0D6E3A21} = {402E0FF5-7854-46AB-B887-1938BF39B6F7}
		{90F2AB1E-1918-4D5C-AE27-6D73F0BCDD6F} = {4C4D0729-E385-45FF-9DAB-22E86C73F88D}
		{81B095BE-F91C-4CED-AC02-011E98964C7E} = {90F2AB1E-1918-4D5C-AE27-6D73F0BCDD6F}
	EndGlobalSection
	GlobalSection(ExtensibilityGlobals) = postSolution
		SolutionGuid = {4F8111A0-017B-4E1D-BB07-BA8A82BD5F68}
	EndGlobalSection
EndGlobal
